
Microsoft Visual Studio Solution File, Format Version 12.00
# Visual Studio Version 17
VisualStudioVersion = 17.7.34031.279
MinimumVisualStudioVersion = 10.0.40219.1
Project("{2150E333-8FDC-42A3-9474-1A3956D46DE8}") = "Solution Items", "Solution Items", "{5A3A5E48-7CE1-4924-836D-E09428704BDA}"
EndProject
Project("{E24C65DC-7377-472B-9ABA-BC803B73C61A}") = "radicadosCuentas(2)", ".", "{9DC6F4A9-20D7-4BD9-8504-7C53AE3AFFEC}"
	ProjectSection(WebsiteProperties) = preProject
		TargetFrameworkMoniker = ".NETFramework,Version%3Dv4.5.1"
		Debug.AspNetCompiler.VirtualPath = "/localhost_53952"
		Debug.AspNetCompiler.PhysicalPath = "..\radicadosCuentas\"
		Debug.AspNetCompiler.TargetPath = "PrecompiledWeb\localhost_53952\"
		Debug.AspNetCompiler.Updateable = "true"
		Debug.AspNetCompiler.ForceOverwrite = "true"
		Debug.AspNetCompiler.FixedNames = "false"
		Debug.AspNetCompiler.Debug = "True"
		Release.AspNetCompiler.VirtualPath = "/localhost_53952"
		Release.AspNetCompiler.PhysicalPath = "..\radicadosCuentas\"
		Release.AspNetCompiler.TargetPath = "PrecompiledWeb\localhost_53952\"
		Release.AspNetCompiler.Updateable = "true"
		Release.AspNetCompiler.ForceOverwrite = "true"
		Release.AspNetCompiler.FixedNames = "false"
		Release.AspNetCompiler.Debug = "False"
		VWDPort = "53952"
		SlnRelativePath = "..\radicadosCuentas\"
		StartServerOnDebug = "false"
	EndProjectSection
EndProject
Global
	GlobalSection(SolutionConfigurationPlatforms) = preSolution
		Debug|Any CPU = Debug|Any CPU
	EndGlobalSection
	GlobalSection(ProjectConfigurationPlatforms) = postSolution
		{9DC6F4A9-20D7-4BD9-8504-7C53AE3AFFEC}.Debug|Any CPU.ActiveCfg = Debug|Any CPU
		{9DC6F4A9-20D7-4BD9-8504-7C53AE3AFFEC}.Debug|Any CPU.Build.0 = Debug|Any CPU
	EndGlobalSection
	GlobalSection(SolutionProperties) = preSolution
		HideSolutionNode = FALSE
	EndGlobalSection
	GlobalSection(ExtensibilityGlobals) = postSolution
		SolutionGuid = {85DB7F49-3105-4841-9CDD-B03A38815245}
	EndGlobalSection
EndGlobal
